// !$*UTF8*$!
{
	archiveVersion = 1;
	classes = {
	};
	objectVersion = 46;
	objects = {

/* Begin PBXBuildFile section */
		91E37D391DE29F8100EADECA /* main.m in Sources */ = {isa = PBXBuildFile; fileRef = 91E37D381DE29F8100EADECA /* main.m */; };
		91E37D3C1DE29F8100EADECA /* AppDelegate.m in Sources */ = {isa = PBXBuildFile; fileRef = 91E37D3B1DE29F8100EADECA /* AppDelegate.m */; };
		91E37D3F1DE29F8100EADECA /* ViewController.m in Sources */ = {isa = PBXBuildFile; fileRef = 91E37D3E1DE29F8100EADECA /* ViewController.m */; };
		91E37D421DE29F8100EADECA /* Main.storyboard in Resources */ = {isa = PBXBuildFile; fileRef = 91E37D401DE29F8100EADECA /* Main.storyboard */; };
		91E37D441DE29F8100EADECA /* Assets.xcassets in Resources */ = {isa = PBXBuildFile; fileRef = 91E37D431DE29F8100EADECA /* Assets.xcassets */; };
		91E37D471DE29F8100EADECA /* LaunchScreen.storyboard in Resources */ = {isa = PBXBuildFile; fileRef = 91E37D451DE29F8100EADECA /* LaunchScreen.storyboard */; };
		91E37D521DE29F8100EADECA /* ZFSwiftLeaningCodeTests.m in Sources */ = {isa = PBXBuildFile; fileRef = 91E37D511DE29F8100EADECA /* ZFSwiftLeaningCodeTests.m */; };
		91E37D5D1DE29F8100EADECA /* ZFSwiftLeaningCodeUITests.m in Sources */ = {isa = PBXBuildFile; fileRef = 91E37D5C1DE29F8100EADECA /* ZFSwiftLeaningCodeUITests.m */; };
/* End PBXBuildFile section */

/* Begin PBXContainerItemProxy section */
		91E37D4E1DE29F8100EADECA /* PBXContainerItemProxy */ = {
			isa = PBXContainerItemProxy;
			containerPortal = 91E37D2C1DE29F8100EADECA /* Project object */;
			proxyType = 1;
			remoteGlobalIDString = 91E37D331DE29F8100EADECA;
			remoteInfo = ZFSwiftLeaningCode;
		};
		91E37D591DE29F8100EADECA /* PBXContainerItemProxy */ = {
			isa = PBXContainerItemProxy;
			containerPortal = 91E37D2C1DE29F8100EADECA /* Project object */;
			proxyType = 1;
			remoteGlobalIDString = 91E37D331DE29F8100EADECA;
			remoteInfo = ZFSwiftLeaningCode;
		};
/* End PBXContainerItemProxy section */

/* Begin PBXFileReference section */
		91E37D341DE29F8100EADECA /* ZFSwiftLeaningCode.app */ = {isa = PBXFileReference; explicitFileType = wrapper.application; includeInIndex = 0; path = ZFSwiftLeaningCode.app; sourceTree = BUILT_PRODUCTS_DIR; };
		91E37D381DE29F8100EADECA /* main.m */ = {isa = PBXFileReference; lastKnownFileType = sourcecode.c.objc; path = main.m; sourceTree = "<group>"; };
		91E37D3A1DE29F8100EADECA /* AppDelegate.h */ = {isa = PBXFileReference; lastKnownFileType = sourcecode.c.h; path = AppDelegate.h; sourceTree = "<group>"; };
		91E37D3B1DE29F8100EADECA /* AppDelegate.m */ = {isa = PBXFileReference; lastKnownFileType = sourcecode.c.objc; path = AppDelegate.m; sourceTree = "<group>"; };
		91E37D3D1DE29F8100EADECA /* ViewController.h */ = {isa = PBXFileReference; lastKnownFileType = sourcecode.c.h; path = ViewController.h; sourceTree = "<group>"; };
		91E37D3E1DE29F8100EADECA /* ViewController.m */ = {isa = PBXFileReference; lastKnownFileType = sourcecode.c.objc; path = ViewController.m; sourceTree = "<group>"; };
		91E37D411DE29F8100EADECA /* Base */ = {isa = PBXFileReference; lastKnownFileType = file.storyboard; name = Base; path = Base.lproj/Main.storyboard; sourceTree = "<group>"; };
		91E37D431DE29F8100EADECA /* Assets.xcassets */ = {isa = PBXFileReference; lastKnownFileType = folder.assetcatalog; path = Assets.xcassets; sourceTree = "<group>"; };
		91E37D461DE29F8100EADECA /* Base */ = {isa = PBXFileReference; lastKnownFileType = file.storyboard; name = Base; path = Base.lproj/LaunchScreen.storyboard; sourceTree = "<group>"; };
		91E37D481DE29F8100EADECA /* Info.plist */ = {isa = PBXFileReference; lastKnownFileType = text.plist.xml; path = Info.plist; sourceTree = "<group>"; };
		91E37D4D1DE29F8100EADECA /* ZFSwiftLeaningCodeTests.xctest */ = {isa = PBXFileReference; explicitFileType = wrapper.cfbundle; includeInIndex = 0; path = ZFSwiftLeaningCodeTests.xctest; sourceTree = BUILT_PRODUCTS_DIR; };
		91E37D511DE29F8100EADECA /* ZFSwiftLeaningCodeTests.m */ = {isa = PBXFileReference; lastKnownFileType = sourcecode.c.objc; path = ZFSwiftLeaningCodeTests.m; sourceTree = "<group>"; };
		91E37D531DE29F8100EADECA /* Info.plist */ = {isa = PBXFileReference; lastKnownFileType = text.plist.xml; path = Info.plist; sourceTree = "<group>"; };
		91E37D581DE29F8100EADECA /* ZFSwiftLeaningCodeUITests.xctest */ = {isa = PBXFileReference; explicitFileType = wrapper.cfbundle; includeInIndex = 0; path = ZFSwiftLeaningCodeUITests.xctest; sourceTree = BUILT_PRODUCTS_DIR; };
		91E37D5C1DE29F8100EADECA /* ZFSwiftLeaningCodeUITests.m */ = {isa = PBXFileReference; lastKnownFileType = sourcecode.c.objc; path = ZFSwiftLeaningCodeUITests.m; sourceTree = "<group>"; };
		91E37D5E1DE29F8100EADECA /* Info.plist */ = {isa = PBXFileReference; lastKnownFileType = text.plist.xml; path = Info.plist; sourceTree = "<group>"; };
/* End PBXFileReference section */

/* Begin PBXFrameworksBuildPhase section */
		91E37D311DE29F8100EADECA /* Frameworks */ = {
			isa = PBXFrameworksBuildPhase;
			buildActionMask = 2147483647;
			files = (
			);
			runOnlyForDeploymentPostprocessing = 0;
		};
		91E37D4A1DE29F8100EADECA /* Frameworks */ = {
			isa = PBXFrameworksBuildPhase;
			buildActionMask = 2147483647;
			files = (
			);
			runOnlyForDeploymentPostprocessing = 0;
		};
		91E37D551DE29F8100EADECA /* Frameworks */ = {
			isa = PBXFrameworksBuildPhase;
			buildActionMask = 2147483647;
			files = (
			);
			runOnlyForDeploymentPostprocessing = 0;
		};
/* End PBXFrameworksBuildPhase section */

/* Begin PBXGroup section */
		91E37D2B1DE29F8100EADECA = {
			isa = PBXGroup;
			children = (
				91E37D361DE29F8100EADECA /* ZFSwiftLeaningCode */,
				91E37D501DE29F8100EADECA /* ZFSwiftLeaningCodeTests */,
				91E37D5B1DE29F8100EADECA /* ZFSwiftLeaningCodeUITests */,
				91E37D351DE29F8100EADECA /* Products */,
			);
			sourceTree = "<group>";
		};
		91E37D351DE29F8100EADECA /* Products */ = {
			isa = PBXGroup;
			children = (
				91E37D341DE29F8100EADECA /* ZFSwiftLeaningCode.app */,
				91E37D4D1DE29F8100EADECA /* ZFSwiftLeaningCodeTests.xctest */,
				91E37D581DE29F8100EADECA /* ZFSwiftLeaningCodeUITests.xctest */,
			);
			name = Products;
			sourceTree = "<group>";
		};
		91E37D361DE29F8100EADECA /* ZFSwiftLeaningCode */ = {
			isa = PBXGroup;
			children = (
				91E37D3A1DE29F8100EADECA /* AppDelegate.h */,
				91E37D3B1DE29F8100EADECA /* AppDelegate.m */,
				91E37D3D1DE29F8100EADECA /* ViewController.h */,
				91E37D3E1DE29F8100EADECA /* ViewController.m */,
				91E37D401DE29F8100EADECA /* Main.storyboard */,
				91E37D431DE29F8100EADECA /* Assets.xcassets */,
				91E37D451DE29F8100EADECA /* LaunchScreen.storyboard */,
				91E37D481DE29F8100EADECA /* Info.plist */,
				91E37D371DE29F8100EADECA /* Supporting Files */,
			);
			path = ZFSwiftLeaningCode;
			sourceTree = "<group>";
		};
		91E37D371DE29F8100EADECA /* Supporting Files */ = {
			isa = PBXGroup;
			children = (
				91E37D381DE29F8100EADECA /* main.m */,
			);
			name = "Supporting Files";
			sourceTree = "<group>";
		};
		91E37D501DE29F8100EADECA /* ZFSwiftLeaningCodeTests */ = {
			isa = PBXGroup;
			children = (
				91E37D511DE29F8100EADECA /* ZFSwiftLeaningCodeTests.m */,
				91E37D531DE29F8100EADECA /* Info.plist */,
			);
			path = ZFSwiftLeaningCodeTests;
			sourceTree = "<group>";
		};
		91E37D5B1DE29F8100EADECA /* ZFSwiftLeaningCodeUITests */ = {
			isa = PBXGroup;
			children = (
				91E37D5C1DE29F8100EADECA /* ZFSwiftLeaningCodeUITests.m */,
				91E37D5E1DE29F8100EADECA /* Info.plist */,
			);
			path = ZFSwiftLeaningCodeUITests;
			sourceTree = "<group>";
		};
/* End PBXGroup section */

/* Begin PBXNativeTarget section */
		91E37D331DE29F8100EADECA /* ZFSwiftLeaningCode */ = {
			isa = PBXNativeTarget;
			buildConfigurationList = 91E37D611DE29F8100EADECA /* Build configuration list for PBXNativeTarget "ZFSwiftLeaningCode" */;
			buildPhases = (
				91E37D301DE29F8100EADECA /* Sources */,
				91E37D311DE29F8100EADECA /* Frameworks */,
				91E37D321DE29F8100EADECA /* Resources */,
			);
			buildRules = (
			);
			dependencies = (
			);
			name = ZFSwiftLeaningCode;
			productName = ZFSwiftLeaningCode;
			productReference = 91E37D341DE29F8100EADECA /* ZFSwiftLeaningCode.app */;
			productType = "com.apple.product-type.application";
		};
		91E37D4C1DE29F8100EADECA /* ZFSwiftLeaningCodeTests */ = {
			isa = PBXNativeTarget;
			buildConfigurationList = 91E37D641DE29F8100EADECA /* Build configuration list for PBXNativeTarget "ZFSwiftLeaningCodeTests" */;
			buildPhases = (
				91E37D491DE29F8100EADECA /* Sources */,
				91E37D4A1DE29F8100EADECA /* Frameworks */,
				91E37D4B1DE29F8100EADECA /* Resources */,
			);
			buildRules = (
			);
			dependencies = (
				91E37D4F1DE29F8100EADECA /* PBXTargetDependency */,
			);
			name = ZFSwiftLeaningCodeTests;
			productName = ZFSwiftLeaningCodeTests;
			productReference = 91E37D4D1DE29F8100EADECA /* ZFSwiftLeaningCodeTests.xctest */;
			productType = "com.apple.product-type.bundle.unit-test";
		};
		91E37D571DE29F8100EADECA /* ZFSwiftLeaningCodeUITests */ = {
			isa = PBXNativeTarget;
			buildConfigurationList = 91E37D671DE29F8100EADECA /* Build configuration list for PBXNativeTarget "ZFSwiftLeaningCodeUITests" */;
			buildPhases = (
				91E37D541DE29F8100EADECA /* Sources */,
				91E37D551DE29F8100EADECA /* Frameworks */,
				91E37D561DE29F8100EADECA /* Resources */,
			);
			buildRules = (
			);
			dependencies = (
				91E37D5A1DE29F8100EADECA /* PBXTargetDependency */,
			);
			name = ZFSwiftLeaningCodeUITests;
			productName = ZFSwiftLeaningCodeUITests;
			productReference = 91E37D581DE29F8100EADECA /* ZFSwiftLeaningCodeUITests.xctest */;
			productType = "com.apple.product-type.bundle.ui-testing";
		};
/* End PBXNativeTarget section */

/* Begin PBXProject section */
		91E37D2C1DE29F8100EADECA /* Project object */ = {
			isa = PBXProject;
			attributes = {
				LastUpgradeCheck = 0810;
				ORGANIZATIONNAME = "周飞";
				TargetAttributes = {
					91E37D331DE29F8100EADECA = {
						CreatedOnToolsVersion = 8.1;
						DevelopmentTeam = 2SL4EE56MU;
						ProvisioningStyle = Automatic;
					};
					91E37D4C1DE29F8100EADECA = {
						CreatedOnToolsVersion = 8.1;
						DevelopmentTeam = 2SL4EE56MU;
						ProvisioningStyle = Automatic;
						TestTargetID = 91E37D331DE29F8100EADECA;
					};
					91E37D571DE29F8100EADECA = {
						CreatedOnToolsVersion = 8.1;
						DevelopmentTeam = 2SL4EE56MU;
						ProvisioningStyle = Automatic;
						TestTargetID = 91E37D331DE29F8100EADECA;
					};
				};
			};
			buildConfigurationList = 91E37D2F1DE29F8100EADECA /* Build configuration list for PBXProject "ZFSwiftLeaningCode" */;
			compatibilityVersion = "Xcode 3.2";
			developmentRegion = English;
			hasScannedForEncodings = 0;
			knownRegions = (
				en,
				Base,
			);
			mainGroup = 91E37D2B1DE29F8100EADECA;
			productRefGroup = 91E37D351DE29F8100EADECA /* Products */;
			projectDirPath = "";
			projectRoot = "";
			targets = (
				91E37D331DE29F8100EADECA /* ZFSwiftLeaningCode */,
				91E37D4C1DE29F8100EADECA /* ZFSwiftLeaningCodeTests */,
				91E37D571DE29F8100EADECA /* ZFSwiftLeaningCodeUITests */,
			);
		};
/* End PBXProject section */

/* Begin PBXResourcesBuildPhase section */
		91E37D321DE29F8100EADECA /* Resources */ = {
			isa = PBXResourcesBuildPhase;
			buildActionMask = 2147483647;
			files = (
				91E37D471DE29F8100EADECA /* LaunchScreen.storyboard in Resources */,
				91E37D441DE29F8100EADECA /* Assets.xcassets in Resources */,
				91E37D421DE29F8100EADECA /* Main.storyboard in Resources */,
			);
			runOnlyForDeploymentPostprocessing = 0;
		};
		91E37D4B1DE29F8100EADECA /* Resources */ = {
			isa = PBXResourcesBuildPhase;
			buildActionMask = 2147483647;
			files = (
			);
			runOnlyForDeploymentPostprocessing = 0;
		};
		91E37D561DE29F8100EADECA /* Resources */ = {
			isa = PBXResourcesBuildPhase;
			buildActionMask = 2147483647;
			files = (
			);
			runOnlyForDeploymentPostprocessing = 0;
		};
/* End PBXResourcesBuildPhase section */

/* Begin PBXSourcesBuildPhase section */
		91E37D301DE29F8100EADECA /* Sources */ = {
			isa = PBXSourcesBuildPhase;
			buildActionMask = 2147483647;
			files = (
				91E37D3F1DE29F8100EADECA /* ViewController.m in Sources */,
				91E37D3C1DE29F8100EADECA /* AppDelegate.m in Sources */,
				91E37D391DE29F8100EADECA /* main.m in Sources */,
			);
			runOnlyForDeploymentPostprocessing = 0;
		};
		91E37D491DE29F8100EADECA /* Sources */ = {
			isa = PBXSourcesBuildPhase;
			buildActionMask = 2147483647;
			files = (
				91E37D521DE29F8100EADECA /* ZFSwiftLeaningCodeTests.m in Sources */,
			);
			runOnlyForDeploymentPostprocessing = 0;
		};
		91E37D541DE29F8100EADECA /* Sources */ = {
			isa = PBXSourcesBuildPhase;
			buildActionMask = 2147483647;
			files = (
				91E37D5D1DE29F8100EADECA /* ZFSwiftLeaningCodeUITests.m in Sources */,
			);
			runOnlyForDeploymentPostprocessing = 0;
		};
/* End PBXSourcesBuildPhase section */

/* Begin PBXTargetDependency section */
		91E37D4F1DE29F8100EADECA /* PBXTargetDependency */ = {
			isa = PBXTargetDependency;
			target = 91E37D331DE29F8100EADECA /* ZFSwiftLeaningCode */;
			targetProxy = 91E37D4E1DE29F8100EADECA /* PBXContainerItemProxy */;
		};
		91E37D5A1DE29F8100EADECA /* PBXTargetDependency */ = {
			isa = PBXTargetDependency;
			target = 91E37D331DE29F8100EADECA /* ZFSwiftLeaningCode */;
			targetProxy = 91E37D591DE29F8100EADECA /* PBXContainerItemProxy */;
		};
/* End PBXTargetDependency section */

/* Begin PBXVariantGroup section */
		91E37D401DE29F8100EADECA /* Main.storyboard */ = {
			isa = PBXVariantGroup;
			children = (
				91E37D411DE29F8100EADECA /* Base */,
			);
			name = Main.storyboard;
			sourceTree = "<group>";
		};
		91E37D451DE29F8100EADECA /* LaunchScreen.storyboard */ = {
			isa = PBXVariantGroup;
			children = (
				91E37D461DE29F8100EADECA /* Base */,
			);
			name = LaunchScreen.storyboard;
			sourceTree = "<group>";
		};
/* End PBXVariantGroup section */

/* Begin XCBuildConfiguration section */
		91E37D5F1DE29F8100EADECA /* Debug */ = {
			isa = XCBuildConfiguration;
			buildSettings = {
				ALWAYS_SEARCH_USER_PATHS = NO;
				CLANG_ANALYZER_NONNULL = YES;
				CLANG_CXX_LANGUAGE_STANDARD = "gnu++0x";
				CLANG_CXX_LIBRARY = "libc++";
				CLANG_ENABLE_MODULES = YES;
				CLANG_ENABLE_OBJC_ARC = YES;
				CLANG_WARN_BOOL_CONVERSION = YES;
				CLANG_WARN_CONSTANT_CONVERSION = YES;
				CLANG_WARN_DIRECT_OBJC_ISA_USAGE = YES_ERROR;
				CLANG_WARN_DOCUMENTATION_COMMENTS = YES;
				CLANG_WARN_EMPTY_BODY = YES;
				CLANG_WARN_ENUM_CONVERSION = YES;
				CLANG_WARN_INFINITE_RECURSION = YES;
				CLANG_WARN_INT_CONVERSION = YES;
				CLANG_WARN_OBJC_ROOT_CLASS = YES_ERROR;
				CLANG_WARN_SUSPICIOUS_MOVES = YES;
				CLANG_WARN_UNREACHABLE_CODE = YES;
				CLANG_WARN__DUPLICATE_METHOD_MATCH = YES;
				"CODE_SIGN_IDENTITY[sdk=iphoneos*]" = "iPhone Developer";
				COPY_PHASE_STRIP = NO;
				DEBUG_INFORMATION_FORMAT = dwarf;
				ENABLE_STRICT_OBJC_MSGSEND = YES;
				ENABLE_TESTABILITY = YES;
				GCC_C_LANGUAGE_STANDARD = gnu99;
				GCC_DYNAMIC_NO_PIC = NO;
				GCC_NO_COMMON_BLOCKS = YES;
				GCC_OPTIMIZATION_LEVEL = 0;
				GCC_PREPROCESSOR_DEFINITIONS = (
					"DEBUG=1",
					"$(inherited)",
				);
				GCC_WARN_64_TO_32_BIT_CONVERSION = YES;
				GCC_WARN_ABOUT_RETURN_TYPE = YES_ERROR;
				GCC_WARN_UNDECLARED_SELECTOR = YES;
				GCC_WARN_UNINITIALIZED_AUTOS = YES_AGGRESSIVE;
				GCC_WARN_UNUSED_FUNCTION = YES;
				GCC_WARN_UNUSED_VARIABLE = YES;
				IPHONEOS_DEPLOYMENT_TARGET = 10.1;
				MTL_ENABLE_DEBUG_INFO = YES;
				ONLY_ACTIVE_ARCH = YES;
				SDKROOT = iphoneos;
				TARGETED_DEVICE_FAMILY = "1,2";
			};
			name = Debug;
		};
		91E37D601DE29F8100EADECA /* Release */ = {
			isa = XCBuildConfiguration;
			buildSettings = {
				ALWAYS_SEARCH_USER_PATHS = NO;
				CLANG_ANALYZER_NONNULL = YES;
				CLANG_CXX_LANGUAGE_STANDARD = "gnu++0x";
				CLANG_CXX_LIBRARY = "libc++";
				CLANG_ENABLE_MODULES = YES;
				CLANG_ENABLE_OBJC_ARC = YES;
				CLANG_WARN_BOOL_CONVERSION = YES;
				CLANG_WARN_CONSTANT_CONVERSION = YES;
				CLANG_WARN_DIRECT_OBJC_ISA_USAGE = YES_ERROR;
				CLANG_WARN_DOCUMENTATION_COMMENTS = YES;
				CLANG_WARN_EMPTY_BODY = YES;
				CLANG_WARN_ENUM_CONVERSION = YES;
				CLANG_WARN_INFINITE_RECURSION = YES;
				CLANG_WARN_INT_CONVERSION = YES;
				CLANG_WARN_OBJC_ROOT_CLASS = YES_ERROR;
				CLANG_WARN_SUSPICIOUS_MOVES = YES;
				CLANG_WARN_UNREACHABLE_CODE = YES;
				CLANG_WARN__DUPLICATE_METHOD_MATCH = YES;
				"CODE_SIGN_IDENTITY[sdk=iphoneos*]" = "iPhone Developer";
				COPY_PHASE_STRIP = NO;
				DEBUG_INFORMATION_FORMAT = "dwarf-with-dsym";
				ENABLE_NS_ASSERTIONS = NO;
				ENABLE_STRICT_OBJC_MSGSEND = YES;
				GCC_C_LANGUAGE_STANDARD = gnu99;
				GCC_NO_COMMON_BLOCKS = YES;
				GCC_WARN_64_TO_32_BIT_CONVERSION = YES;
				GCC_WARN_ABOUT_RETURN_TYPE = YES_ERROR;
				GCC_WARN_UNDECLARED_SELECTOR = YES;
				GCC_WARN_UNINITIALIZED_AUTOS = YES_AGGRESSIVE;
				GCC_WARN_UNUSED_FUNCTION = YES;
				GCC_WARN_UNUSED_VARIABLE = YES;
				IPHONEOS_DEPLOYMENT_TARGET = 10.1;
				MTL_ENABLE_DEBUG_INFO = NO;
				SDKROOT = iphoneos;
				TARGETED_DEVICE_FAMILY = "1,2";
				VALIDATE_PRODUCT = YES;
			};
			name = Release;
		};
		91E37D621DE29F8100EADECA /* Debug */ = {
			isa = XCBuildConfiguration;
			buildSettings = {
				ASSETCATALOG_COMPILER_APPICON_NAME = AppIcon;
				DEVELOPMENT_TEAM = 2SL4EE56MU;
				INFOPLIST_FILE = ZFSwiftLeaningCode/Info.plist;
				LD_RUNPATH_SEARCH_PATHS = "$(inherited) @executable_path/Frameworks";
				PRODUCT_BUNDLE_IDENTIFIER = com.feiyu.ZFSwiftLeaningCode;
				PRODUCT_NAME = "$(TARGET_NAME)";
			};
			name = Debug;
		};
		91E37D631DE29F8100EADECA /* Release */ = {
			isa = XCBuildConfiguration;
			buildSettings = {
				ASSETCATALOG_COMPILER_APPICON_NAME = AppIcon;
				DEVELOPMENT_TEAM = 2SL4EE56MU;
				INFOPLIST_FILE = ZFSwiftLeaningCode/Info.plist;
				LD_RUNPATH_SEARCH_PATHS = "$(inherited) @executable_path/Frameworks";
				PRODUCT_BUNDLE_IDENTIFIER = com.feiyu.ZFSwiftLeaningCode;
				PRODUCT_NAME = "$(TARGET_NAME)";
			};
			name = Release;
		};
		91E37D651DE29F8100EADECA /* Debug */ = {
			isa = XCBuildConfiguration;
			buildSettings = {
				BUNDLE_LOADER = "$(TEST_HOST)";
				DEVELOPMENT_TEAM = 2SL4EE56MU;
				INFOPLIST_FILE = ZFSwiftLeaningCodeTests/Info.plist;
				LD_RUNPATH_SEARCH_PATHS = "$(inherited) @executable_path/Frameworks @loader_path/Frameworks";
				PRODUCT_BUNDLE_IDENTIFIER = com.feiyu.ZFSwiftLeaningCodeTests;
				PRODUCT_NAME = "$(TARGET_NAME)";
				TEST_HOST = "$(BUILT_PRODUCTS_DIR)/ZFSwiftLeaningCode.app/ZFSwiftLeaningCode";
			};
			name = Debug;
		};
		91E37D661DE29F8100EADECA /* Release */ = {
			isa = XCBuildConfiguration;
			buildSettings = {
				BUNDLE_LOADER = "$(TEST_HOST)";
				DEVELOPMENT_TEAM = 2SL4EE56MU;
				INFOPLIST_FILE = ZFSwiftLeaningCodeTests/Info.plist;
				LD_RUNPATH_SEARCH_PATHS = "$(inherited) @executable_path/Frameworks @loader_path/Frameworks";
				PRODUCT_BUNDLE_IDENTIFIER = com.feiyu.ZFSwiftLeaningCodeTests;
				PRODUCT_NAME = "$(TARGET_NAME)";
				TEST_HOST = "$(BUILT_PRODUCTS_DIR)/ZFSwiftLeaningCode.app/ZFSwiftLeaningCode";
			};
			name = Release;
		};
		91E37D681DE29F8100EADECA /* Debug */ = {
			isa = XCBuildConfiguration;
			buildSettings = {
				DEVELOPMENT_TEAM = 2SL4EE56MU;
				INFOPLIST_FILE = ZFSwiftLeaningCodeUITests/Info.plist;
				LD_RUNPATH_SEARCH_PATHS = "$(inherited) @executable_path/Frameworks @loader_path/Frameworks";
				PRODUCT_BUNDLE_IDENTIFIER = com.feiyu.ZFSwiftLeaningCodeUITests;
				PRODUCT_NAME = "$(TARGET_NAME)";
				TEST_TARGET_NAME = ZFSwiftLeaningCode;
			};
			name = Debug;
		};
		91E37D691DE29F8100EADECA /* Release */ = {
			isa = XCBuildConfiguration;
			buildSettings = {
				DEVELOPMENT_TEAM = 2SL4EE56MU;
				INFOPLIST_FILE = ZFSwiftLeaningCodeUITests/Info.plist;
				LD_RUNPATH_SEARCH_PATHS = "$(inherited) @executable_path/Frameworks @loader_path/Frameworks";
				PRODUCT_BUNDLE_IDENTIFIER = com.feiyu.ZFSwiftLeaningCodeUITests;
				PRODUCT_NAME = "$(TARGET_NAME)";
				TEST_TARGET_NAME = ZFSwiftLeaningCode;
			};
			name = Release;
		};
/* End XCBuildConfiguration section */

/* Begin XCConfigurationList section */
		91E37D2F1DE29F8100EADECA /* Build configuration list for PBXProject "ZFSwiftLeaningCode" */ = {
			isa = XCConfigurationList;
			buildConfigurations = (
				91E37D5F1DE29F8100EADECA /* Debug */,
				91E37D601DE29F8100EADECA /* Release */,
			);
			defaultConfigurationIsVisible = 0;
			defaultConfigurationName = Release;
		};
		91E37D611DE29F8100EADECA /* Build configuration list for PBXNativeTarget "ZFSwiftLeaningCode" */ = {
			isa = XCConfigurationList;
			buildConfigurations = (
				91E37D621DE29F8100EADECA /* Debug */,
				91E37D631DE29F8100EADECA /* Release */,
			);
			defaultConfigurationIsVisible = 0;
		};
		91E37D641DE29F8100EADECA /* Build configuration list for PBXNativeTarget "ZFSwiftLeaningCodeTests" */ = {
			isa = XCConfigurationList;
			buildConfigurations = (
				91E37D651DE29F8100EADECA /* Debug */,
				91E37D661DE29F8100EADECA /* Release */,
			);
			defaultConfigurationIsVisible = 0;
		};
		91E37D671DE29F8100EADECA /* Build configuration list for PBXNativeTarget "ZFSwiftLeaningCodeUITests" */ = {
			isa = XCConfigurationList;
			buildConfigurations = (
				91E37D681DE29F8100EADECA /* Debug */,
				91E37D691DE29F8100EADECA /* Release */,
			);
			defaultConfigurationIsVisible = 0;
		};
/* End XCConfigurationList section */
	};
	rootObject = 91E37D2C1DE29F8100EADECA /* Project object */;
}
